
Microsoft Visual Studio Solution File, Format Version 12.00
# Visual Studio Version 17
VisualStudioVersion = 17.5.33530.505
MinimumVisualStudioVersion = 10.0.40219.1
Project("{FAE04EC0-301F-11D3-BF4B-00C04F79EFBC}") = "String_Ass1", "String_Ass1.csproj", "{297728F9-318C-4429-A7F5-CF1E842ED73B}"
EndProject
Global
	GlobalSection(SolutionConfigurationPlatforms) = preSolution
		Debug|Any CPU = Debug|Any CPU
		Release|Any CPU = Release|Any CPU
	EndGlobalSection
	GlobalSection(ProjectConfigurationPlatforms) = postSolution
		{297728F9-318C-4429-A7F5-CF1E842ED73B}.Debug|Any CPU.ActiveCfg = Debug|Any CPU
		{297728F9-318C-4429-A7F5-CF1E842ED73B}.Debug|Any CPU.Build.0 = Debug|Any CPU
		{297728F9-318C-4429-A7F5-CF1E842ED73B}.Release|Any CPU.ActiveCfg = Release|Any CPU
		{297728F9-318C-4429-A7F5-CF1E842ED73B}.Release|Any CPU.Build.0 = Release|Any CPU
	EndGlobalSection
	GlobalSection(SolutionProperties) = preSolution
		HideSolutionNode = FALSE
	EndGlobalSection
	GlobalSection(ExtensibilityGlobals) = postSolution
		SolutionGuid = {C01122D5-6721-4C8D-84D1-E9B02C6857BF}
	EndGlobalSection
EndGlobal
